
Microsoft Visual Studio Solution File, Format Version 12.00
# Visual Studio Version 17
VisualStudioVersion = 17.4.33122.133
MinimumVisualStudioVersion = 10.0.40219.1
Project("{FAE04EC0-301F-11D3-BF4B-00C04F79EFBC}") = "FinalExam", "FinalExam\FinalExam.csproj", "{5F52D72A-56B9-4404-8A66-8A70E211E432}"
EndProject
Global
	GlobalSection(SolutionConfigurationPlatforms) = preSolution
		Debug|Any CPU = Debug|Any CPU
		Release|Any CPU = Release|Any CPU
	EndGlobalSection
	GlobalSection(ProjectConfigurationPlatforms) = postSolution
		{5F52D72A-56B9-4404-8A66-8A70E211E432}.Debug|Any CPU.ActiveCfg = Debug|Any CPU
		{5F52D72A-56B9-4404-8A66-8A70E211E432}.Debug|Any CPU.Build.0 = Debug|Any CPU
		{5F52D72A-56B9-4404-8A66-8A70E211E432}.Release|Any CPU.ActiveCfg = Release|Any CPU
		{5F52D72A-56B9-4404-8A66-8A70E211E432}.Release|Any CPU.Build.0 = Release|Any CPU
	EndGlobalSection
	GlobalSection(SolutionProperties) = preSolution
		HideSolutionNode = FALSE
	EndGlobalSection
	GlobalSection(ExtensibilityGlobals) = postSolution
		SolutionGuid = {C1A61B79-E510-4E2D-8859-D10FD1AD5292}
	EndGlobalSection
EndGlobal
